
Microsoft Visual Studio Solution File, Format Version 12.00
# Visual Studio Version 17
VisualStudioVersion = 17.14.36109.1 d17.14
MinimumVisualStudioVersion = 10.0.40219.1
Project("{FAE04EC0-301F-11D3-BF4B-00C04F79EFBC}") = "LABA3", "LABA3\LABA3.csproj", "{21B34BEE-0DC8-47DB-AF8F-BF875FB8F26B}"
EndProject
Global
	GlobalSection(SolutionConfigurationPlatforms) = preSolution
		Debug|Any CPU = Debug|Any CPU
		Release|Any CPU = Release|Any CPU
	EndGlobalSection
	GlobalSection(ProjectConfigurationPlatforms) = postSolution
		{21B34BEE-0DC8-47DB-AF8F-BF875FB8F26B}.Debug|Any CPU.ActiveCfg = Debug|Any CPU
		{21B34BEE-0DC8-47DB-AF8F-BF875FB8F26B}.Debug|Any CPU.Build.0 = Debug|Any CPU
		{21B34BEE-0DC8-47DB-AF8F-BF875FB8F26B}.Release|Any CPU.ActiveCfg = Release|Any CPU
		{21B34BEE-0DC8-47DB-AF8F-BF875FB8F26B}.Release|Any CPU.Build.0 = Release|Any CPU
	EndGlobalSection
	GlobalSection(SolutionProperties) = preSolution
		HideSolutionNode = FALSE
	EndGlobalSection
	GlobalSection(ExtensibilityGlobals) = postSolution
		SolutionGuid = {B0823F5D-458B-4D0B-8DDC-0D562ACBC747}
	EndGlobalSection
EndGlobal
